// !$*UTF8*$!
{
	archiveVersion = 1;
	classes = {
	};
	objectVersion = 48;
	objects = {

/* Begin PBXBuildFile section */
		46AFD8162029B7F90038C650 /* AppDelegate.swift in Sources */ = {isa = PBXBuildFile; fileRef = 46AFD8152029B7F90038C650 /* AppDelegate.swift */; };
		46AFD8182029B7FA0038C650 /* ViewController.swift in Sources */ = {isa = PBXBuildFile; fileRef = 46AFD8172029B7FA0038C650 /* ViewController.swift */; };
		46AFD81B2029B7FA0038C650 /* Main.storyboard in Resources */ = {isa = PBXBuildFile; fileRef = 46AFD8192029B7FA0038C650 /* Main.storyboard */; };
		46AFD81D2029B7FA0038C650 /* Assets.xcassets in Resources */ = {isa = PBXBuildFile; fileRef = 46AFD81C2029B7FA0038C650 /* Assets.xcassets */; };
		46AFD8202029B7FA0038C650 /* LaunchScreen.storyboard in Resources */ = {isa = PBXBuildFile; fileRef = 46AFD81E2029B7FA0038C650 /* LaunchScreen.storyboard */; };
		46AFD8292029B81B0038C650 /* ThirstySoftRegular.otf in Resources */ = {isa = PBXBuildFile; fileRef = 46AFD8282029B81B0038C650 /* ThirstySoftRegular.otf */; };
		46AFD82B2029B8240038C650 /* Delm-Medium.otf in Resources */ = {isa = PBXBuildFile; fileRef = 46AFD82A2029B8240038C650 /* Delm-Medium.otf */; };
		46AFD8302029BFBF0038C650 /* PictureView.swift in Sources */ = {isa = PBXBuildFile; fileRef = 46AFD82F2029BFBF0038C650 /* PictureView.swift */; };
/* End PBXBuildFile section */

/* Begin PBXFileReference section */
		46AFD8122029B7F90038C650 /* Instagrid.app */ = {isa = PBXFileReference; explicitFileType = wrapper.application; includeInIndex = 0; path = Instagrid.app; sourceTree = BUILT_PRODUCTS_DIR; };
		46AFD8152029B7F90038C650 /* AppDelegate.swift */ = {isa = PBXFileReference; lastKnownFileType = sourcecode.swift; path = AppDelegate.swift; sourceTree = "<group>"; };
		46AFD8172029B7FA0038C650 /* ViewController.swift */ = {isa = PBXFileReference; lastKnownFileType = sourcecode.swift; path = ViewController.swift; sourceTree = "<group>"; };
		46AFD81A2029B7FA0038C650 /* Base */ = {isa = PBXFileReference; lastKnownFileType = file.storyboard; name = Base; path = Base.lproj/Main.storyboard; sourceTree = "<group>"; };
		46AFD81C2029B7FA0038C650 /* Assets.xcassets */ = {isa = PBXFileReference; lastKnownFileType = folder.assetcatalog; path = Assets.xcassets; sourceTree = "<group>"; };
		46AFD81F2029B7FA0038C650 /* Base */ = {isa = PBXFileReference; lastKnownFileType = file.storyboard; name = Base; path = Base.lproj/LaunchScreen.storyboard; sourceTree = "<group>"; };
		46AFD8212029B7FA0038C650 /* Info.plist */ = {isa = PBXFileReference; lastKnownFileType = text.plist.xml; path = Info.plist; sourceTree = "<group>"; };
		46AFD8282029B81B0038C650 /* ThirstySoftRegular.otf */ = {isa = PBXFileReference; lastKnownFileType = file; path = ThirstySoftRegular.otf; sourceTree = "<group>"; };
		46AFD82A2029B8240038C650 /* Delm-Medium.otf */ = {isa = PBXFileReference; lastKnownFileType = file; path = "Delm-Medium.otf"; sourceTree = "<group>"; };
		46AFD82F2029BFBF0038C650 /* PictureView.swift */ = {isa = PBXFileReference; lastKnownFileType = sourcecode.swift; path = PictureView.swift; sourceTree = "<group>"; };
/* End PBXFileReference section */

/* Begin PBXFrameworksBuildPhase section */
		46AFD80F2029B7F90038C650 /* Frameworks */ = {
			isa = PBXFrameworksBuildPhase;
			buildActionMask = 2147483647;
			files = (
			);
			runOnlyForDeploymentPostprocessing = 0;
		};
/* End PBXFrameworksBuildPhase section */

/* Begin PBXGroup section */
		46AFD8092029B7F90038C650 = {
			isa = PBXGroup;
			children = (
				46AFD8142029B7F90038C650 /* Instagrid */,
				46AFD8132029B7F90038C650 /* Products */,
			);
			sourceTree = "<group>";
		};
		46AFD8132029B7F90038C650 /* Products */ = {
			isa = PBXGroup;
			children = (
				46AFD8122029B7F90038C650 /* Instagrid.app */,
			);
			name = Products;
			sourceTree = "<group>";
		};
		46AFD8142029B7F90038C650 /* Instagrid */ = {
			isa = PBXGroup;
			children = (
				46AFD82E2029BFA50038C650 /* Model */,
				46AFD82D2029BF9F0038C650 /* View */,
				46AFD82C2029BF920038C650 /* Controller */,
				46AFD8272029B8050038C650 /* Supporting Files */,
				46AFD8212029B7FA0038C650 /* Info.plist */,
			);
			path = Instagrid;
			sourceTree = "<group>";
		};
		46AFD8272029B8050038C650 /* Supporting Files */ = {
			isa = PBXGroup;
			children = (
				46AFD8152029B7F90038C650 /* AppDelegate.swift */,
				46AFD81E2029B7FA0038C650 /* LaunchScreen.storyboard */,
				46AFD81C2029B7FA0038C650 /* Assets.xcassets */,
				46AFD82A2029B8240038C650 /* Delm-Medium.otf */,
				46AFD8282029B81B0038C650 /* ThirstySoftRegular.otf */,
			);
			path = "Supporting Files";
			sourceTree = "<group>";
		};
		46AFD82C2029BF920038C650 /* Controller */ = {
			isa = PBXGroup;
			children = (
				46AFD8172029B7FA0038C650 /* ViewController.swift */,
			);
			path = Controller;
			sourceTree = "<group>";
		};
		46AFD82D2029BF9F0038C650 /* View */ = {
			isa = PBXGroup;
			children = (
				46AFD8192029B7FA0038C650 /* Main.storyboard */,
				46AFD82F2029BFBF0038C650 /* PictureView.swift */,
			);
			path = View;
			sourceTree = "<group>";
		};
		46AFD82E2029BFA50038C650 /* Model */ = {
			isa = PBXGroup;
			children = (
			);
			path = Model;
			sourceTree = "<group>";
		};
/* End PBXGroup section */

/* Begin PBXNativeTarget section */
		46AFD8112029B7F90038C650 /* Instagrid */ = {
			isa = PBXNativeTarget;
			buildConfigurationList = 46AFD8242029B7FA0038C650 /* Build configuration list for PBXNativeTarget "Instagrid" */;
			buildPhases = (
				46AFD80E2029B7F90038C650 /* Sources */,
				46AFD80F2029B7F90038C650 /* Frameworks */,
				46AFD8102029B7F90038C650 /* Resources */,
			);
			buildRules = (
			);
			dependencies = (
			);
			name = Instagrid;
			productName = Instagrid;
			productReference = 46AFD8122029B7F90038C650 /* Instagrid.app */;
			productType = "com.apple.product-type.application";
		};
/* End PBXNativeTarget section */

/* Begin PBXProject section */
		46AFD80A2029B7F90038C650 /* Project object */ = {
			isa = PBXProject;
			attributes = {
				LastSwiftUpdateCheck = 0920;
				LastUpgradeCheck = 0920;
				ORGANIZATIONNAME = "Christophe Bugnon";
				TargetAttributes = {
					46AFD8112029B7F90038C650 = {
						CreatedOnToolsVersion = 9.2;
						ProvisioningStyle = Automatic;
					};
				};
			};
			buildConfigurationList = 46AFD80D2029B7F90038C650 /* Build configuration list for PBXProject "Instagrid" */;
			compatibilityVersion = "Xcode 8.0";
			developmentRegion = en;
			hasScannedForEncodings = 0;
			knownRegions = (
				en,
				Base,
			);
			mainGroup = 46AFD8092029B7F90038C650;
			productRefGroup = 46AFD8132029B7F90038C650 /* Products */;
			projectDirPath = "";
			projectRoot = "";
			targets = (
				46AFD8112029B7F90038C650 /* Instagrid */,
			);
		};
/* End PBXProject section */

/* Begin PBXResourcesBuildPhase section */
		46AFD8102029B7F90038C650 /* Resources */ = {
			isa = PBXResourcesBuildPhase;
			buildActionMask = 2147483647;
			files = (
				46AFD8202029B7FA0038C650 /* LaunchScreen.storyboard in Resources */,
				46AFD82B2029B8240038C650 /* Delm-Medium.otf in Resources */,
				46AFD81D2029B7FA0038C650 /* Assets.xcassets in Resources */,
				46AFD8292029B81B0038C650 /* ThirstySoftRegular.otf in Resources */,
				46AFD81B2029B7FA0038C650 /* Main.storyboard in Resources */,
			);
			runOnlyForDeploymentPostprocessing = 0;
		};
/* End PBXResourcesBuildPhase section */

/* Begin PBXSourcesBuildPhase section */
		46AFD80E2029B7F90038C650 /* Sources */ = {
			isa = PBXSourcesBuildPhase;
			buildActionMask = 2147483647;
			files = (
				46AFD8302029BFBF0038C650 /* PictureView.swift in Sources */,
				46AFD8182029B7FA0038C650 /* ViewController.swift in Sources */,
				46AFD8162029B7F90038C650 /* AppDelegate.swift in Sources */,
			);
			runOnlyForDeploymentPostprocessing = 0;
		};
/* End PBXSourcesBuildPhase section */

/* Begin PBXVariantGroup section */
		46AFD8192029B7FA0038C650 /* Main.storyboard */ = {
			isa = PBXVariantGroup;
			children = (
				46AFD81A2029B7FA0038C650 /* Base */,
			);
			name = Main.storyboard;
			sourceTree = "<group>";
		};
		46AFD81E2029B7FA0038C650 /* LaunchScreen.storyboard */ = {
			isa = PBXVariantGroup;
			children = (
				46AFD81F2029B7FA0038C650 /* Base */,
			);
			name = LaunchScreen.storyboard;
			sourceTree = "<group>";
		};
/* End PBXVariantGroup section */

/* Begin XCBuildConfiguration section */
		46AFD8222029B7FA0038C650 /* Debug */ = {
			isa = XCBuildConfiguration;
			buildSettings = {
				ALWAYS_SEARCH_USER_PATHS = NO;
				CLANG_ANALYZER_NONNULL = YES;
				CLANG_ANALYZER_NUMBER_OBJECT_CONVERSION = YES_AGGRESSIVE;
				CLANG_CXX_LANGUAGE_STANDARD = "gnu++14";
				CLANG_CXX_LIBRARY = "libc++";
				CLANG_ENABLE_MODULES = YES;
				CLANG_ENABLE_OBJC_ARC = YES;
				CLANG_WARN_BLOCK_CAPTURE_AUTORELEASING = YES;
				CLANG_WARN_BOOL_CONVERSION = YES;
				CLANG_WARN_COMMA = YES;
				CLANG_WARN_CONSTANT_CONVERSION = YES;
				CLANG_WARN_DIRECT_OBJC_ISA_USAGE = YES_ERROR;
				CLANG_WARN_DOCUMENTATION_COMMENTS = YES;
				CLANG_WARN_EMPTY_BODY = YES;
				CLANG_WARN_ENUM_CONVERSION = YES;
				CLANG_WARN_INFINITE_RECURSION = YES;
				CLANG_WARN_INT_CONVERSION = YES;
				CLANG_WARN_NON_LITERAL_NULL_CONVERSION = YES;
				CLANG_WARN_OBJC_LITERAL_CONVERSION = YES;
				CLANG_WARN_OBJC_ROOT_CLASS = YES_ERROR;
				CLANG_WARN_RANGE_LOOP_ANALYSIS = YES;
				CLANG_WARN_STRICT_PROTOTYPES = YES;
				CLANG_WARN_SUSPICIOUS_MOVE = YES;
				CLANG_WARN_UNGUARDED_AVAILABILITY = YES_AGGRESSIVE;
				CLANG_WARN_UNREACHABLE_CODE = YES;
				CLANG_WARN__DUPLICATE_METHOD_MATCH = YES;
				CODE_SIGN_IDENTITY = "iPhone Developer";
				COPY_PHASE_STRIP = NO;
				DEBUG_INFORMATION_FORMAT = dwarf;
				ENABLE_STRICT_OBJC_MSGSEND = YES;
				ENABLE_TESTABILITY = YES;
				GCC_C_LANGUAGE_STANDARD = gnu11;
				GCC_DYNAMIC_NO_PIC = NO;
				GCC_NO_COMMON_BLOCKS = YES;
				GCC_OPTIMIZATION_LEVEL = 0;
				GCC_PREPROCESSOR_DEFINITIONS = (
					"DEBUG=1",
					"$(inherited)",
				);
				GCC_WARN_64_TO_32_BIT_CONVERSION = YES;
				GCC_WARN_ABOUT_RETURN_TYPE = YES_ERROR;
				GCC_WARN_UNDECLARED_SELECTOR = YES;
				GCC_WARN_UNINITIALIZED_AUTOS = YES_AGGRESSIVE;
				GCC_WARN_UNUSED_FUNCTION = YES;
				GCC_WARN_UNUSED_VARIABLE = YES;
				IPHONEOS_DEPLOYMENT_TARGET = 11.2;
				MTL_ENABLE_DEBUG_INFO = YES;
				ONLY_ACTIVE_ARCH = YES;
				SDKROOT = iphoneos;
				SWIFT_ACTIVE_COMPILATION_CONDITIONS = DEBUG;
				SWIFT_OPTIMIZATION_LEVEL = "-Onone";
			};
			name = Debug;
		};
		46AFD8232029B7FA0038C650 /* Release */ = {
			isa = XCBuildConfiguration;
			buildSettings = {
				ALWAYS_SEARCH_USER_PATHS = NO;
				CLANG_ANALYZER_NONNULL = YES;
				CLANG_ANALYZER_NUMBER_OBJECT_CONVERSION = YES_AGGRESSIVE;
				CLANG_CXX_LANGUAGE_STANDARD = "gnu++14";
				CLANG_CXX_LIBRARY = "libc++";
				CLANG_ENABLE_MODULES = YES;
				CLANG_ENABLE_OBJC_ARC = YES;
				CLANG_WARN_BLOCK_CAPTURE_AUTORELEASING = YES;
				CLANG_WARN_BOOL_CONVERSION = YES;
				CLANG_WARN_COMMA = YES;
				CLANG_WARN_CONSTANT_CONVERSION = YES;
				CLANG_WARN_DIRECT_OBJC_ISA_USAGE = YES_ERROR;
				CLANG_WARN_DOCUMENTATION_COMMENTS = YES;
				CLANG_WARN_EMPTY_BODY = YES;
				CLANG_WARN_ENUM_CONVERSION = YES;
				CLANG_WARN_INFINITE_RECURSION = YES;
				CLANG_WARN_INT_CONVERSION = YES;
				CLANG_WARN_NON_LITERAL_NULL_CONVERSION = YES;
				CLANG_WARN_OBJC_LITERAL_CONVERSION = YES;
				CLANG_WARN_OBJC_ROOT_CLASS = YES_ERROR;
				CLANG_WARN_RANGE_LOOP_ANALYSIS = YES;
				CLANG_WARN_STRICT_PROTOTYPES = YES;
				CLANG_WARN_SUSPICIOUS_MOVE = YES;
				CLANG_WARN_UNGUARDED_AVAILABILITY = YES_AGGRESSIVE;
				CLANG_WARN_UNREACHABLE_CODE = YES;
				CLANG_WARN__DUPLICATE_METHOD_MATCH = YES;
				CODE_SIGN_IDENTITY = "iPhone Developer";
				COPY_PHASE_STRIP = NO;
				DEBUG_INFORMATION_FORMAT = "dwarf-with-dsym";
				ENABLE_NS_ASSERTIONS = NO;
				ENABLE_STRICT_OBJC_MSGSEND = YES;
				GCC_C_LANGUAGE_STANDARD = gnu11;
				GCC_NO_COMMON_BLOCKS = YES;
				GCC_WARN_64_TO_32_BIT_CONVERSION = YES;
				GCC_WARN_ABOUT_RETURN_TYPE = YES_ERROR;
				GCC_WARN_UNDECLARED_SELECTOR = YES;
				GCC_WARN_UNINITIALIZED_AUTOS = YES_AGGRESSIVE;
				GCC_WARN_UNUSED_FUNCTION = YES;
				GCC_WARN_UNUSED_VARIABLE = YES;
				IPHONEOS_DEPLOYMENT_TARGET = 11.2;
				MTL_ENABLE_DEBUG_INFO = NO;
				SDKROOT = iphoneos;
				SWIFT_OPTIMIZATION_LEVEL = "-Owholemodule";
				VALIDATE_PRODUCT = YES;
			};
			name = Release;
		};
		46AFD8252029B7FA0038C650 /* Debug */ = {
			isa = XCBuildConfiguration;
			buildSettings = {
				ASSETCATALOG_COMPILER_APPICON_NAME = AppIcon;
				CODE_SIGN_STYLE = Automatic;
				INFOPLIST_FILE = Instagrid/Info.plist;
				LD_RUNPATH_SEARCH_PATHS = "$(inherited) @executable_path/Frameworks";
				PRODUCT_BUNDLE_IDENTIFIER = com.christophebugnon.Instagrid;
				PRODUCT_NAME = "$(TARGET_NAME)";
				SWIFT_VERSION = 4.0;
				TARGETED_DEVICE_FAMILY = "1,2";
			};
			name = Debug;
		};
		46AFD8262029B7FA0038C650 /* Release */ = {
			isa = XCBuildConfiguration;
			buildSettings = {
				ASSETCATALOG_COMPILER_APPICON_NAME = AppIcon;
				CODE_SIGN_STYLE = Automatic;
				INFOPLIST_FILE = Instagrid/Info.plist;
				LD_RUNPATH_SEARCH_PATHS = "$(inherited) @executable_path/Frameworks";
				PRODUCT_BUNDLE_IDENTIFIER = com.christophebugnon.Instagrid;
				PRODUCT_NAME = "$(TARGET_NAME)";
				SWIFT_VERSION = 4.0;
				TARGETED_DEVICE_FAMILY = "1,2";
			};
			name = Release;
		};
/* End XCBuildConfiguration section */

/* Begin XCConfigurationList section */
		46AFD80D2029B7F90038C650 /* Build configuration list for PBXProject "Instagrid" */ = {
			isa = XCConfigurationList;
			buildConfigurations = (
				46AFD8222029B7FA0038C650 /* Debug */,
				46AFD8232029B7FA0038C650 /* Release */,
			);
			defaultConfigurationIsVisible = 0;
			defaultConfigurationName = Release;
		};
		46AFD8242029B7FA0038C650 /* Build configuration list for PBXNativeTarget "Instagrid" */ = {
			isa = XCConfigurationList;
			buildConfigurations = (
				46AFD8252029B7FA0038C650 /* Debug */,
				46AFD8262029B7FA0038C650 /* Release */,
			);
			defaultConfigurationIsVisible = 0;
			defaultConfigurationName = Release;
		};
/* End XCConfigurationList section */
	};
	rootObject = 46AFD80A2029B7F90038C650 /* Project object */;
}
